
Microsoft Visual Studio Solution File, Format Version 12.00
# Visual Studio Version 17
VisualStudioVersion = 17.11.35303.130
MinimumVisualStudioVersion = 10.0.40219.1
Project("{FAE04EC0-301F-11D3-BF4B-00C04F79EFBC}") = "Git Auto Grading Intro", "Git Auto Grading Intro\Git Auto Grading Intro.csproj", "{EA884604-DC68-4BD4-A98B-4F797E5E43E9}"
EndProject
Project("{FAE04EC0-301F-11D3-BF4B-00C04F79EFBC}") = "Setup", "Setup\Setup.csproj", "{6E0FC458-5EBF-4CA9-9804-7A698C1CC6CA}"
EndProject
Global
	GlobalSection(SolutionConfigurationPlatforms) = preSolution
		Debug|Any CPU = Debug|Any CPU
		Release|Any CPU = Release|Any CPU
	EndGlobalSection
	GlobalSection(ProjectConfigurationPlatforms) = postSolution
		{EA884604-DC68-4BD4-A98B-4F797E5E43E9}.Debug|Any CPU.ActiveCfg = Debug|Any CPU
		{EA884604-DC68-4BD4-A98B-4F797E5E43E9}.Debug|Any CPU.Build.0 = Debug|Any CPU
		{EA884604-DC68-4BD4-A98B-4F797E5E43E9}.Release|Any CPU.ActiveCfg = Release|Any CPU
		{EA884604-DC68-4BD4-A98B-4F797E5E43E9}.Release|Any CPU.Build.0 = Release|Any CPU
		{6E0FC458-5EBF-4CA9-9804-7A698C1CC6CA}.Debug|Any CPU.ActiveCfg = Debug|Any CPU
		{6E0FC458-5EBF-4CA9-9804-7A698C1CC6CA}.Debug|Any CPU.Build.0 = Debug|Any CPU
		{6E0FC458-5EBF-4CA9-9804-7A698C1CC6CA}.Release|Any CPU.ActiveCfg = Release|Any CPU
		{6E0FC458-5EBF-4CA9-9804-7A698C1CC6CA}.Release|Any CPU.Build.0 = Release|Any CPU
	EndGlobalSection
	GlobalSection(SolutionProperties) = preSolution
		HideSolutionNode = FALSE
	EndGlobalSection
	GlobalSection(ExtensibilityGlobals) = postSolution
		SolutionGuid = {850EDB2E-4C7F-4E2E-9FEF-C1D484B0DAE1}
	EndGlobalSection
EndGlobal
